
Microsoft Visual Studio Solution File, Format Version 12.00
# Visual Studio Version 16
VisualStudioVersion = 16.0.30406.217
MinimumVisualStudioVersion = 10.0.40219.1
Project("{FAE04EC0-301F-11D3-BF4B-00C04F79EFBC}") = "EmailSender", "EmailSender\EmailSender.csproj", "{A817941E-231F-45C1-8C44-18E0806757A6}"
EndProject
Project("{54435603-DBB4-11D2-8724-00A0C9A8B90C}") = "EmailSenderSetup", "EmailSenderSetup\EmailSenderSetup.vdproj", "{87CE9AB9-DBD8-428F-946F-3F44581A83DB}"
EndProject
Global
	GlobalSection(SolutionConfigurationPlatforms) = preSolution
		Debug|Any CPU = Debug|Any CPU
		Release|Any CPU = Release|Any CPU
	EndGlobalSection
	GlobalSection(ProjectConfigurationPlatforms) = postSolution
		{A817941E-231F-45C1-8C44-18E0806757A6}.Debug|Any CPU.ActiveCfg = Debug|Any CPU
		{A817941E-231F-45C1-8C44-18E0806757A6}.Debug|Any CPU.Build.0 = Debug|Any CPU
		{A817941E-231F-45C1-8C44-18E0806757A6}.Release|Any CPU.ActiveCfg = Release|Any CPU
		{A817941E-231F-45C1-8C44-18E0806757A6}.Release|Any CPU.Build.0 = Release|Any CPU
		{87CE9AB9-DBD8-428F-946F-3F44581A83DB}.Debug|Any CPU.ActiveCfg = Debug
		{87CE9AB9-DBD8-428F-946F-3F44581A83DB}.Release|Any CPU.ActiveCfg = Release
	EndGlobalSection
	GlobalSection(SolutionProperties) = preSolution
		HideSolutionNode = FALSE
	EndGlobalSection
	GlobalSection(ExtensibilityGlobals) = postSolution
		SolutionGuid = {7CD6AC2D-1AAE-429B-80C3-0BB4FF39D618}
	EndGlobalSection
EndGlobal
