
Microsoft Visual Studio Solution File, Format Version 12.00
# Visual Studio Version 16
VisualStudioVersion = 16.0.31105.61
MinimumVisualStudioVersion = 10.0.40219.1
Project("{FAE04EC0-301F-11D3-BF4B-00C04F79EFBC}") = "WordAddIn", "WordAddIn\WordAddIn.csproj", "{4826C558-65B1-498C-86C9-27A9B96F2F52}"
EndProject
Global
	GlobalSection(SolutionConfigurationPlatforms) = preSolution
		Debug|Any CPU = Debug|Any CPU
		Release|Any CPU = Release|Any CPU
	EndGlobalSection
	GlobalSection(ProjectConfigurationPlatforms) = postSolution
		{4826C558-65B1-498C-86C9-27A9B96F2F52}.Debug|Any CPU.ActiveCfg = Debug|Any CPU
		{4826C558-65B1-498C-86C9-27A9B96F2F52}.Debug|Any CPU.Build.0 = Debug|Any CPU
		{4826C558-65B1-498C-86C9-27A9B96F2F52}.Release|Any CPU.ActiveCfg = Release|Any CPU
		{4826C558-65B1-498C-86C9-27A9B96F2F52}.Release|Any CPU.Build.0 = Release|Any CPU
	EndGlobalSection
	GlobalSection(SolutionProperties) = preSolution
		HideSolutionNode = FALSE
	EndGlobalSection
	GlobalSection(ExtensibilityGlobals) = postSolution
		SolutionGuid = {0E4EA9E0-89EF-4C55-BC51-6D13A6ADE7D2}
	EndGlobalSection
EndGlobal
