
Microsoft Visual Studio Solution File, Format Version 12.00
# Visual Studio Version 16
VisualStudioVersion = 16.0.31105.61
MinimumVisualStudioVersion = 10.0.40219.1
Project("{FAE04EC0-301F-11D3-BF4B-00C04F79EFBC}") = "Outlook-AddIn", "Outlook-AddIn\Outlook-AddIn.csproj", "{A57765D1-E1E8-4C15-A9F9-9317D6576580}"
EndProject
Project("{FAE04EC0-301F-11D3-BF4B-00C04F79EFBC}") = "Outlook-AddInWeb", "Outlook-AddInWeb\Outlook-AddInWeb.csproj", "{A8144F85-74FE-44B2-94A2-9BF98A3BE493}"
EndProject
Global
	GlobalSection(SolutionConfigurationPlatforms) = preSolution
		Debug|Any CPU = Debug|Any CPU
		Release|Any CPU = Release|Any CPU
	EndGlobalSection
	GlobalSection(ProjectConfigurationPlatforms) = postSolution
		{A57765D1-E1E8-4C15-A9F9-9317D6576580}.Debug|Any CPU.ActiveCfg = Debug|Any CPU
		{A57765D1-E1E8-4C15-A9F9-9317D6576580}.Debug|Any CPU.Build.0 = Debug|Any CPU
		{A57765D1-E1E8-4C15-A9F9-9317D6576580}.Debug|Any CPU.Deploy.0 = Debug|Any CPU
		{A57765D1-E1E8-4C15-A9F9-9317D6576580}.Release|Any CPU.ActiveCfg = Release|Any CPU
		{A57765D1-E1E8-4C15-A9F9-9317D6576580}.Release|Any CPU.Build.0 = Release|Any CPU
		{A57765D1-E1E8-4C15-A9F9-9317D6576580}.Release|Any CPU.Deploy.0 = Release|Any CPU
		{A8144F85-74FE-44B2-94A2-9BF98A3BE493}.Debug|Any CPU.ActiveCfg = Debug|Any CPU
		{A8144F85-74FE-44B2-94A2-9BF98A3BE493}.Debug|Any CPU.Build.0 = Debug|Any CPU
		{A8144F85-74FE-44B2-94A2-9BF98A3BE493}.Release|Any CPU.ActiveCfg = Release|Any CPU
		{A8144F85-74FE-44B2-94A2-9BF98A3BE493}.Release|Any CPU.Build.0 = Release|Any CPU
	EndGlobalSection
	GlobalSection(SolutionProperties) = preSolution
		HideSolutionNode = FALSE
	EndGlobalSection
	GlobalSection(ExtensibilityGlobals) = postSolution
		SolutionGuid = {54D356A5-D0F9-4009-B810-7EDF6FBE8B61}
	EndGlobalSection
EndGlobal
